
Microsoft Visual Studio Solution File, Format Version 12.00
# Visual Studio Version 17
VisualStudioVersion = 17.1.32210.238
MinimumVisualStudioVersion = 10.0.40219.1
Project("{2150E333-8FDC-42A3-9474-1A3956D46DE8}") = "Solution Items", "Solution Items", "{E84F0756-903D-4063-AE2F-F5E1335D80D8}"
	ProjectSection(SolutionItems) = preProject
		E-CommerceProject.html = E-CommerceProject.html
	EndProjectSection
EndProject
Global
	GlobalSection(SolutionProperties) = preSolution
		HideSolutionNode = FALSE
	EndGlobalSection
	GlobalSection(ExtensibilityGlobals) = postSolution
		SolutionGuid = {042552C4-2E1B-44C2-85CB-9D59F3384FBF}
	EndGlobalSection
EndGlobal
